// !$*UTF8*$!
{
	archiveVersion = 1;
	classes = {
	};
	objectVersion = 50;
	objects = {

/* Begin PBXBuildFile section */
		B97A4FBA25C7CA1100685078 /* AppDelegate.swift in Sources */ = {isa = PBXBuildFile; fileRef = B97A4FB925C7CA1100685078 /* AppDelegate.swift */; };
		B97A4FBC25C7CA1100685078 /* SceneDelegate.swift in Sources */ = {isa = PBXBuildFile; fileRef = B97A4FBB25C7CA1100685078 /* SceneDelegate.swift */; };
		B97A4FBE25C7CA1100685078 /* ViewController.swift in Sources */ = {isa = PBXBuildFile; fileRef = B97A4FBD25C7CA1100685078 /* ViewController.swift */; };
		B97A4FC125C7CA1100685078 /* Main.storyboard in Resources */ = {isa = PBXBuildFile; fileRef = B97A4FBF25C7CA1100685078 /* Main.storyboard */; };
		B97A4FC325C7CA1100685078 /* Assets.xcassets in Resources */ = {isa = PBXBuildFile; fileRef = B97A4FC225C7CA1100685078 /* Assets.xcassets */; };
		B97A4FC625C7CA1100685078 /* LaunchScreen.storyboard in Resources */ = {isa = PBXBuildFile; fileRef = B97A4FC425C7CA1100685078 /* LaunchScreen.storyboard */; };
		B97A4FD125C7CA1100685078 /* preworkTests.swift in Sources */ = {isa = PBXBuildFile; fileRef = B97A4FD025C7CA1100685078 /* preworkTests.swift */; };
		B97A4FDC25C7CA1100685078 /* preworkUITests.swift in Sources */ = {isa = PBXBuildFile; fileRef = B97A4FDB25C7CA1100685078 /* preworkUITests.swift */; };
/* End PBXBuildFile section */

/* Begin PBXContainerItemProxy section */
		B97A4FCD25C7CA1100685078 /* PBXContainerItemProxy */ = {
			isa = PBXContainerItemProxy;
			containerPortal = B97A4FAE25C7CA1100685078 /* Project object */;
			proxyType = 1;
			remoteGlobalIDString = B97A4FB525C7CA1100685078;
			remoteInfo = prework;
		};
		B97A4FD825C7CA1100685078 /* PBXContainerItemProxy */ = {
			isa = PBXContainerItemProxy;
			containerPortal = B97A4FAE25C7CA1100685078 /* Project object */;
			proxyType = 1;
			remoteGlobalIDString = B97A4FB525C7CA1100685078;
			remoteInfo = prework;
		};
/* End PBXContainerItemProxy section */

/* Begin PBXFileReference section */
		B97A4FB625C7CA1100685078 /* prework.app */ = {isa = PBXFileReference; explicitFileType = wrapper.application; includeInIndex = 0; path = prework.app; sourceTree = BUILT_PRODUCTS_DIR; };
		B97A4FB925C7CA1100685078 /* AppDelegate.swift */ = {isa = PBXFileReference; lastKnownFileType = sourcecode.swift; path = AppDelegate.swift; sourceTree = "<group>"; };
		B97A4FBB25C7CA1100685078 /* SceneDelegate.swift */ = {isa = PBXFileReference; lastKnownFileType = sourcecode.swift; path = SceneDelegate.swift; sourceTree = "<group>"; };
		B97A4FBD25C7CA1100685078 /* ViewController.swift */ = {isa = PBXFileReference; lastKnownFileType = sourcecode.swift; path = ViewController.swift; sourceTree = "<group>"; };
		B97A4FC025C7CA1100685078 /* Base */ = {isa = PBXFileReference; lastKnownFileType = file.storyboard; name = Base; path = Base.lproj/Main.storyboard; sourceTree = "<group>"; };
		B97A4FC225C7CA1100685078 /* Assets.xcassets */ = {isa = PBXFileReference; lastKnownFileType = folder.assetcatalog; path = Assets.xcassets; sourceTree = "<group>"; };
		B97A4FC525C7CA1100685078 /* Base */ = {isa = PBXFileReference; lastKnownFileType = file.storyboard; name = Base; path = Base.lproj/LaunchScreen.storyboard; sourceTree = "<group>"; };
		B97A4FC725C7CA1100685078 /* Info.plist */ = {isa = PBXFileReference; lastKnownFileType = text.plist.xml; path = Info.plist; sourceTree = "<group>"; };
		B97A4FCC25C7CA1100685078 /* preworkTests.xctest */ = {isa = PBXFileReference; explicitFileType = wrapper.cfbundle; includeInIndex = 0; path = preworkTests.xctest; sourceTree = BUILT_PRODUCTS_DIR; };
		B97A4FD025C7CA1100685078 /* preworkTests.swift */ = {isa = PBXFileReference; lastKnownFileType = sourcecode.swift; path = preworkTests.swift; sourceTree = "<group>"; };
		B97A4FD225C7CA1100685078 /* Info.plist */ = {isa = PBXFileReference; lastKnownFileType = text.plist.xml; path = Info.plist; sourceTree = "<group>"; };
		B97A4FD725C7CA1100685078 /* preworkUITests.xctest */ = {isa = PBXFileReference; explicitFileType = wrapper.cfbundle; includeInIndex = 0; path = preworkUITests.xctest; sourceTree = BUILT_PRODUCTS_DIR; };
		B97A4FDB25C7CA1100685078 /* preworkUITests.swift */ = {isa = PBXFileReference; lastKnownFileType = sourcecode.swift; path = preworkUITests.swift; sourceTree = "<group>"; };
		B97A4FDD25C7CA1100685078 /* Info.plist */ = {isa = PBXFileReference; lastKnownFileType = text.plist.xml; path = Info.plist; sourceTree = "<group>"; };
/* End PBXFileReference section */

/* Begin PBXFrameworksBuildPhase section */
		B97A4FB325C7CA1100685078 /* Frameworks */ = {
			isa = PBXFrameworksBuildPhase;
			buildActionMask = 2147483647;
			files = (
			);
			runOnlyForDeploymentPostprocessing = 0;
		};
		B97A4FC925C7CA1100685078 /* Frameworks */ = {
			isa = PBXFrameworksBuildPhase;
			buildActionMask = 2147483647;
			files = (
			);
			runOnlyForDeploymentPostprocessing = 0;
		};
		B97A4FD425C7CA1100685078 /* Frameworks */ = {
			isa = PBXFrameworksBuildPhase;
			buildActionMask = 2147483647;
			files = (
			);
			runOnlyForDeploymentPostprocessing = 0;
		};
/* End PBXFrameworksBuildPhase section */

/* Begin PBXGroup section */
		B97A4FAD25C7CA1100685078 = {
			isa = PBXGroup;
			children = (
				B97A4FB825C7CA1100685078 /* prework */,
				B97A4FCF25C7CA1100685078 /* preworkTests */,
				B97A4FDA25C7CA1100685078 /* preworkUITests */,
				B97A4FB725C7CA1100685078 /* Products */,
			);
			sourceTree = "<group>";
		};
		B97A4FB725C7CA1100685078 /* Products */ = {
			isa = PBXGroup;
			children = (
				B97A4FB625C7CA1100685078 /* prework.app */,
				B97A4FCC25C7CA1100685078 /* preworkTests.xctest */,
				B97A4FD725C7CA1100685078 /* preworkUITests.xctest */,
			);
			name = Products;
			sourceTree = "<group>";
		};
		B97A4FB825C7CA1100685078 /* prework */ = {
			isa = PBXGroup;
			children = (
				B97A4FB925C7CA1100685078 /* AppDelegate.swift */,
				B97A4FBB25C7CA1100685078 /* SceneDelegate.swift */,
				B97A4FBD25C7CA1100685078 /* ViewController.swift */,
				B97A4FBF25C7CA1100685078 /* Main.storyboard */,
				B97A4FC225C7CA1100685078 /* Assets.xcassets */,
				B97A4FC425C7CA1100685078 /* LaunchScreen.storyboard */,
				B97A4FC725C7CA1100685078 /* Info.plist */,
			);
			path = prework;
			sourceTree = "<group>";
		};
		B97A4FCF25C7CA1100685078 /* preworkTests */ = {
			isa = PBXGroup;
			children = (
				B97A4FD025C7CA1100685078 /* preworkTests.swift */,
				B97A4FD225C7CA1100685078 /* Info.plist */,
			);
			path = preworkTests;
			sourceTree = "<group>";
		};
		B97A4FDA25C7CA1100685078 /* preworkUITests */ = {
			isa = PBXGroup;
			children = (
				B97A4FDB25C7CA1100685078 /* preworkUITests.swift */,
				B97A4FDD25C7CA1100685078 /* Info.plist */,
			);
			path = preworkUITests;
			sourceTree = "<group>";
		};
/* End PBXGroup section */

/* Begin PBXNativeTarget section */
		B97A4FB525C7CA1100685078 /* prework */ = {
			isa = PBXNativeTarget;
			buildConfigurationList = B97A4FE025C7CA1100685078 /* Build configuration list for PBXNativeTarget "prework" */;
			buildPhases = (
				B97A4FB225C7CA1100685078 /* Sources */,
				B97A4FB325C7CA1100685078 /* Frameworks */,
				B97A4FB425C7CA1100685078 /* Resources */,
			);
			buildRules = (
			);
			dependencies = (
			);
			name = prework;
			productName = prework;
			productReference = B97A4FB625C7CA1100685078 /* prework.app */;
			productType = "com.apple.product-type.application";
		};
		B97A4FCB25C7CA1100685078 /* preworkTests */ = {
			isa = PBXNativeTarget;
			buildConfigurationList = B97A4FE325C7CA1100685078 /* Build configuration list for PBXNativeTarget "preworkTests" */;
			buildPhases = (
				B97A4FC825C7CA1100685078 /* Sources */,
				B97A4FC925C7CA1100685078 /* Frameworks */,
				B97A4FCA25C7CA1100685078 /* Resources */,
			);
			buildRules = (
			);
			dependencies = (
				B97A4FCE25C7CA1100685078 /* PBXTargetDependency */,
			);
			name = preworkTests;
			productName = preworkTests;
			productReference = B97A4FCC25C7CA1100685078 /* preworkTests.xctest */;
			productType = "com.apple.product-type.bundle.unit-test";
		};
		B97A4FD625C7CA1100685078 /* preworkUITests */ = {
			isa = PBXNativeTarget;
			buildConfigurationList = B97A4FE625C7CA1100685078 /* Build configuration list for PBXNativeTarget "preworkUITests" */;
			buildPhases = (
				B97A4FD325C7CA1100685078 /* Sources */,
				B97A4FD425C7CA1100685078 /* Frameworks */,
				B97A4FD525C7CA1100685078 /* Resources */,
			);
			buildRules = (
			);
			dependencies = (
				B97A4FD925C7CA1100685078 /* PBXTargetDependency */,
			);
			name = preworkUITests;
			productName = preworkUITests;
			productReference = B97A4FD725C7CA1100685078 /* preworkUITests.xctest */;
			productType = "com.apple.product-type.bundle.ui-testing";
		};
/* End PBXNativeTarget section */

/* Begin PBXProject section */
		B97A4FAE25C7CA1100685078 /* Project object */ = {
			isa = PBXProject;
			attributes = {
				LastSwiftUpdateCheck = 1240;
				LastUpgradeCheck = 1240;
				TargetAttributes = {
					B97A4FB525C7CA1100685078 = {
						CreatedOnToolsVersion = 12.4;
					};
					B97A4FCB25C7CA1100685078 = {
						CreatedOnToolsVersion = 12.4;
						TestTargetID = B97A4FB525C7CA1100685078;
					};
					B97A4FD625C7CA1100685078 = {
						CreatedOnToolsVersion = 12.4;
						TestTargetID = B97A4FB525C7CA1100685078;
					};
				};
			};
			buildConfigurationList = B97A4FB125C7CA1100685078 /* Build configuration list for PBXProject "prework" */;
			compatibilityVersion = "Xcode 9.3";
			developmentRegion = en;
			hasScannedForEncodings = 0;
			knownRegions = (
				en,
				Base,
			);
			mainGroup = B97A4FAD25C7CA1100685078;
			productRefGroup = B97A4FB725C7CA1100685078 /* Products */;
			projectDirPath = "";
			projectRoot = "";
			targets = (
				B97A4FB525C7CA1100685078 /* prework */,
				B97A4FCB25C7CA1100685078 /* preworkTests */,
				B97A4FD625C7CA1100685078 /* preworkUITests */,
			);
		};
/* End PBXProject section */

/* Begin PBXResourcesBuildPhase section */
		B97A4FB425C7CA1100685078 /* Resources */ = {
			isa = PBXResourcesBuildPhase;
			buildActionMask = 2147483647;
			files = (
				B97A4FC625C7CA1100685078 /* LaunchScreen.storyboard in Resources */,
				B97A4FC325C7CA1100685078 /* Assets.xcassets in Resources */,
				B97A4FC125C7CA1100685078 /* Main.storyboard in Resources */,
			);
			runOnlyForDeploymentPostprocessing = 0;
		};
		B97A4FCA25C7CA1100685078 /* Resources */ = {
			isa = PBXResourcesBuildPhase;
			buildActionMask = 2147483647;
			files = (
			);
			runOnlyForDeploymentPostprocessing = 0;
		};
		B97A4FD525C7CA1100685078 /* Resources */ = {
			isa = PBXResourcesBuildPhase;
			buildActionMask = 2147483647;
			files = (
			);
			runOnlyForDeploymentPostprocessing = 0;
		};
/* End PBXResourcesBuildPhase section */

/* Begin PBXSourcesBuildPhase section */
		B97A4FB225C7CA1100685078 /* Sources */ = {
			isa = PBXSourcesBuildPhase;
			buildActionMask = 2147483647;
			files = (
				B97A4FBE25C7CA1100685078 /* ViewController.swift in Sources */,
				B97A4FBA25C7CA1100685078 /* AppDelegate.swift in Sources */,
				B97A4FBC25C7CA1100685078 /* SceneDelegate.swift in Sources */,
			);
			runOnlyForDeploymentPostprocessing = 0;
		};
		B97A4FC825C7CA1100685078 /* Sources */ = {
			isa = PBXSourcesBuildPhase;
			buildActionMask = 2147483647;
			files = (
				B97A4FD125C7CA1100685078 /* preworkTests.swift in Sources */,
			);
			runOnlyForDeploymentPostprocessing = 0;
		};
		B97A4FD325C7CA1100685078 /* Sources */ = {
			isa = PBXSourcesBuildPhase;
			buildActionMask = 2147483647;
			files = (
				B97A4FDC25C7CA1100685078 /* preworkUITests.swift in Sources */,
			);
			runOnlyForDeploymentPostprocessing = 0;
		};
/* End PBXSourcesBuildPhase section */

/* Begin PBXTargetDependency section */
		B97A4FCE25C7CA1100685078 /* PBXTargetDependency */ = {
			isa = PBXTargetDependency;
			target = B97A4FB525C7CA1100685078 /* prework */;
			targetProxy = B97A4FCD25C7CA1100685078 /* PBXContainerItemProxy */;
		};
		B97A4FD925C7CA1100685078 /* PBXTargetDependency */ = {
			isa = PBXTargetDependency;
			target = B97A4FB525C7CA1100685078 /* prework */;
			targetProxy = B97A4FD825C7CA1100685078 /* PBXContainerItemProxy */;
		};
/* End PBXTargetDependency section */

/* Begin PBXVariantGroup section */
		B97A4FBF25C7CA1100685078 /* Main.storyboard */ = {
			isa = PBXVariantGroup;
			children = (
				B97A4FC025C7CA1100685078 /* Base */,
			);
			name = Main.storyboard;
			sourceTree = "<group>";
		};
		B97A4FC425C7CA1100685078 /* LaunchScreen.storyboard */ = {
			isa = PBXVariantGroup;
			children = (
				B97A4FC525C7CA1100685078 /* Base */,
			);
			name = LaunchScreen.storyboard;
			sourceTree = "<group>";
		};
/* End PBXVariantGroup section */

/* Begin XCBuildConfiguration section */
		B97A4FDE25C7CA1100685078 /* Debug */ = {
			isa = XCBuildConfiguration;
			buildSettings = {
				ALWAYS_SEARCH_USER_PATHS = NO;
				CLANG_ANALYZER_NONNULL = YES;
				CLANG_ANALYZER_NUMBER_OBJECT_CONVERSION = YES_AGGRESSIVE;
				CLANG_CXX_LANGUAGE_STANDARD = "gnu++14";
				CLANG_CXX_LIBRARY = "libc++";
				CLANG_ENABLE_MODULES = YES;
				CLANG_ENABLE_OBJC_ARC = YES;
				CLANG_ENABLE_OBJC_WEAK = YES;
				CLANG_WARN_BLOCK_CAPTURE_AUTORELEASING = YES;
				CLANG_WARN_BOOL_CONVERSION = YES;
				CLANG_WARN_COMMA = YES;
				CLANG_WARN_CONSTANT_CONVERSION = YES;
				CLANG_WARN_DEPRECATED_OBJC_IMPLEMENTATIONS = YES;
				CLANG_WARN_DIRECT_OBJC_ISA_USAGE = YES_ERROR;
				CLANG_WARN_DOCUMENTATION_COMMENTS = YES;
				CLANG_WARN_EMPTY_BODY = YES;
				CLANG_WARN_ENUM_CONVERSION = YES;
				CLANG_WARN_INFINITE_RECURSION = YES;
				CLANG_WARN_INT_CONVERSION = YES;
				CLANG_WARN_NON_LITERAL_NULL_CONVERSION = YES;
				CLANG_WARN_OBJC_IMPLICIT_RETAIN_SELF = YES;
				CLANG_WARN_OBJC_LITERAL_CONVERSION = YES;
				CLANG_WARN_OBJC_ROOT_CLASS = YES_ERROR;
				CLANG_WARN_QUOTED_INCLUDE_IN_FRAMEWORK_HEADER = YES;
				CLANG_WARN_RANGE_LOOP_ANALYSIS = YES;
				CLANG_WARN_STRICT_PROTOTYPES = YES;
				CLANG_WARN_SUSPICIOUS_MOVE = YES;
				CLANG_WARN_UNGUARDED_AVAILABILITY = YES_AGGRESSIVE;
				CLANG_WARN_UNREACHABLE_CODE = YES;
				CLANG_WARN__DUPLICATE_METHOD_MATCH = YES;
				COPY_PHASE_STRIP = NO;
				DEBUG_INFORMATION_FORMAT = dwarf;
				ENABLE_STRICT_OBJC_MSGSEND = YES;
				ENABLE_TESTABILITY = YES;
				GCC_C_LANGUAGE_STANDARD = gnu11;
				GCC_DYNAMIC_NO_PIC = NO;
				GCC_NO_COMMON_BLOCKS = YES;
				GCC_OPTIMIZATION_LEVEL = 0;
				GCC_PREPROCESSOR_DEFINITIONS = (
					"DEBUG=1",
					"$(inherited)",
				);
				GCC_WARN_64_TO_32_BIT_CONVERSION = YES;
				GCC_WARN_ABOUT_RETURN_TYPE = YES_ERROR;
				GCC_WARN_UNDECLARED_SELECTOR = YES;
				GCC_WARN_UNINITIALIZED_AUTOS = YES_AGGRESSIVE;
				GCC_WARN_UNUSED_FUNCTION = YES;
				GCC_WARN_UNUSED_VARIABLE = YES;
				IPHONEOS_DEPLOYMENT_TARGET = 14.4;
				MTL_ENABLE_DEBUG_INFO = INCLUDE_SOURCE;
				MTL_FAST_MATH = YES;
				ONLY_ACTIVE_ARCH = YES;
				SDKROOT = iphoneos;
				SWIFT_ACTIVE_COMPILATION_CONDITIONS = DEBUG;
				SWIFT_OPTIMIZATION_LEVEL = "-Onone";
			};
			name = Debug;
		};
		B97A4FDF25C7CA1100685078 /* Release */ = {
			isa = XCBuildConfiguration;
			buildSettings = {
				ALWAYS_SEARCH_USER_PATHS = NO;
				CLANG_ANALYZER_NONNULL = YES;
				CLANG_ANALYZER_NUMBER_OBJECT_CONVERSION = YES_AGGRESSIVE;
				CLANG_CXX_LANGUAGE_STANDARD = "gnu++14";
				CLANG_CXX_LIBRARY = "libc++";
				CLANG_ENABLE_MODULES = YES;
				CLANG_ENABLE_OBJC_ARC = YES;
				CLANG_ENABLE_OBJC_WEAK = YES;
				CLANG_WARN_BLOCK_CAPTURE_AUTORELEASING = YES;
				CLANG_WARN_BOOL_CONVERSION = YES;
				CLANG_WARN_COMMA = YES;
				CLANG_WARN_CONSTANT_CONVERSION = YES;
				CLANG_WARN_DEPRECATED_OBJC_IMPLEMENTATIONS = YES;
				CLANG_WARN_DIRECT_OBJC_ISA_USAGE = YES_ERROR;
				CLANG_WARN_DOCUMENTATION_COMMENTS = YES;
				CLANG_WARN_EMPTY_BODY = YES;
				CLANG_WARN_ENUM_CONVERSION = YES;
				CLANG_WARN_INFINITE_RECURSION = YES;
				CLANG_WARN_INT_CONVERSION = YES;
				CLANG_WARN_NON_LITERAL_NULL_CONVERSION = YES;
				CLANG_WARN_OBJC_IMPLICIT_RETAIN_SELF = YES;
				CLANG_WARN_OBJC_LITERAL_CONVERSION = YES;
				CLANG_WARN_OBJC_ROOT_CLASS = YES_ERROR;
				CLANG_WARN_QUOTED_INCLUDE_IN_FRAMEWORK_HEADER = YES;
				CLANG_WARN_RANGE_LOOP_ANALYSIS = YES;
				CLANG_WARN_STRICT_PROTOTYPES = YES;
				CLANG_WARN_SUSPICIOUS_MOVE = YES;
				CLANG_WARN_UNGUARDED_AVAILABILITY = YES_AGGRESSIVE;
				CLANG_WARN_UNREACHABLE_CODE = YES;
				CLANG_WARN__DUPLICATE_METHOD_MATCH = YES;
				COPY_PHASE_STRIP = NO;
				DEBUG_INFORMATION_FORMAT = "dwarf-with-dsym";
				ENABLE_NS_ASSERTIONS = NO;
				ENABLE_STRICT_OBJC_MSGSEND = YES;
				GCC_C_LANGUAGE_STANDARD = gnu11;
				GCC_NO_COMMON_BLOCKS = YES;
				GCC_WARN_64_TO_32_BIT_CONVERSION = YES;
				GCC_WARN_ABOUT_RETURN_TYPE = YES_ERROR;
				GCC_WARN_UNDECLARED_SELECTOR = YES;
				GCC_WARN_UNINITIALIZED_AUTOS = YES_AGGRESSIVE;
				GCC_WARN_UNUSED_FUNCTION = YES;
				GCC_WARN_UNUSED_VARIABLE = YES;
				IPHONEOS_DEPLOYMENT_TARGET = 14.4;
				MTL_ENABLE_DEBUG_INFO = NO;
				MTL_FAST_MATH = YES;
				SDKROOT = iphoneos;
				SWIFT_COMPILATION_MODE = wholemodule;
				SWIFT_OPTIMIZATION_LEVEL = "-O";
				VALIDATE_PRODUCT = YES;
			};
			name = Release;
		};
		B97A4FE125C7CA1100685078 /* Debug */ = {
			isa = XCBuildConfiguration;
			buildSettings = {
				ASSETCATALOG_COMPILER_APPICON_NAME = AppIcon;
				ASSETCATALOG_COMPILER_GLOBAL_ACCENT_COLOR_NAME = AccentColor;
				CODE_SIGN_STYLE = Automatic;
				INFOPLIST_FILE = prework/Info.plist;
				LD_RUNPATH_SEARCH_PATHS = (
					"$(inherited)",
					"@executable_path/Frameworks",
				);
				PRODUCT_BUNDLE_IDENTIFIER = "-23.prework";
				PRODUCT_NAME = "$(TARGET_NAME)";
				SWIFT_VERSION = 5.0;
				TARGETED_DEVICE_FAMILY = "1,2";
			};
			name = Debug;
		};
		B97A4FE225C7CA1100685078 /* Release */ = {
			isa = XCBuildConfiguration;
			buildSettings = {
				ASSETCATALOG_COMPILER_APPICON_NAME = AppIcon;
				ASSETCATALOG_COMPILER_GLOBAL_ACCENT_COLOR_NAME = AccentColor;
				CODE_SIGN_STYLE = Automatic;
				INFOPLIST_FILE = prework/Info.plist;
				LD_RUNPATH_SEARCH_PATHS = (
					"$(inherited)",
					"@executable_path/Frameworks",
				);
				PRODUCT_BUNDLE_IDENTIFIER = "-23.prework";
				PRODUCT_NAME = "$(TARGET_NAME)";
				SWIFT_VERSION = 5.0;
				TARGETED_DEVICE_FAMILY = "1,2";
			};
			name = Release;
		};
		B97A4FE425C7CA1100685078 /* Debug */ = {
			isa = XCBuildConfiguration;
			buildSettings = {
				ALWAYS_EMBED_SWIFT_STANDARD_LIBRARIES = YES;
				BUNDLE_LOADER = "$(TEST_HOST)";
				CODE_SIGN_STYLE = Automatic;
				INFOPLIST_FILE = preworkTests/Info.plist;
				IPHONEOS_DEPLOYMENT_TARGET = 14.4;
				LD_RUNPATH_SEARCH_PATHS = (
					"$(inherited)",
					"@executable_path/Frameworks",
					"@loader_path/Frameworks",
				);
				PRODUCT_BUNDLE_IDENTIFIER = "-23.preworkTests";
				PRODUCT_NAME = "$(TARGET_NAME)";
				SWIFT_VERSION = 5.0;
				TARGETED_DEVICE_FAMILY = "1,2";
				TEST_HOST = "$(BUILT_PRODUCTS_DIR)/prework.app/prework";
			};
			name = Debug;
		};
		B97A4FE525C7CA1100685078 /* Release */ = {
			isa = XCBuildConfiguration;
			buildSettings = {
				ALWAYS_EMBED_SWIFT_STANDARD_LIBRARIES = YES;
				BUNDLE_LOADER = "$(TEST_HOST)";
				CODE_SIGN_STYLE = Automatic;
				INFOPLIST_FILE = preworkTests/Info.plist;
				IPHONEOS_DEPLOYMENT_TARGET = 14.4;
				LD_RUNPATH_SEARCH_PATHS = (
					"$(inherited)",
					"@executable_path/Frameworks",
					"@loader_path/Frameworks",
				);
				PRODUCT_BUNDLE_IDENTIFIER = "-23.preworkTests";
				PRODUCT_NAME = "$(TARGET_NAME)";
				SWIFT_VERSION = 5.0;
				TARGETED_DEVICE_FAMILY = "1,2";
				TEST_HOST = "$(BUILT_PRODUCTS_DIR)/prework.app/prework";
			};
			name = Release;
		};
		B97A4FE725C7CA1100685078 /* Debug */ = {
			isa = XCBuildConfiguration;
			buildSettings = {
				ALWAYS_EMBED_SWIFT_STANDARD_LIBRARIES = YES;
				CODE_SIGN_STYLE = Automatic;
				INFOPLIST_FILE = preworkUITests/Info.plist;
				LD_RUNPATH_SEARCH_PATHS = (
					"$(inherited)",
					"@executable_path/Frameworks",
					"@loader_path/Frameworks",
				);
				PRODUCT_BUNDLE_IDENTIFIER = "-23.preworkUITests";
				PRODUCT_NAME = "$(TARGET_NAME)";
				SWIFT_VERSION = 5.0;
				TARGETED_DEVICE_FAMILY = "1,2";
				TEST_TARGET_NAME = prework;
			};
			name = Debug;
		};
		B97A4FE825C7CA1100685078 /* Release */ = {
			isa = XCBuildConfiguration;
			buildSettings = {
				ALWAYS_EMBED_SWIFT_STANDARD_LIBRARIES = YES;
				CODE_SIGN_STYLE = Automatic;
				INFOPLIST_FILE = preworkUITests/Info.plist;
				LD_RUNPATH_SEARCH_PATHS = (
					"$(inherited)",
					"@executable_path/Frameworks",
					"@loader_path/Frameworks",
				);
				PRODUCT_BUNDLE_IDENTIFIER = "-23.preworkUITests";
				PRODUCT_NAME = "$(TARGET_NAME)";
				SWIFT_VERSION = 5.0;
				TARGETED_DEVICE_FAMILY = "1,2";
				TEST_TARGET_NAME = prework;
			};
			name = Release;
		};
/* End XCBuildConfiguration section */

/* Begin XCConfigurationList section */
		B97A4FB125C7CA1100685078 /* Build configuration list for PBXProject "prework" */ = {
			isa = XCConfigurationList;
			buildConfigurations = (
				B97A4FDE25C7CA1100685078 /* Debug */,
				B97A4FDF25C7CA1100685078 /* Release */,
			);
			defaultConfigurationIsVisible = 0;
			defaultConfigurationName = Release;
		};
		B97A4FE025C7CA1100685078 /* Build configuration list for PBXNativeTarget "prework" */ = {
			isa = XCConfigurationList;
			buildConfigurations = (
				B97A4FE125C7CA1100685078 /* Debug */,
				B97A4FE225C7CA1100685078 /* Release */,
			);
			defaultConfigurationIsVisible = 0;
			defaultConfigurationName = Release;
		};
		B97A4FE325C7CA1100685078 /* Build configuration list for PBXNativeTarget "preworkTests" */ = {
			isa = XCConfigurationList;
			buildConfigurations = (
				B97A4FE425C7CA1100685078 /* Debug */,
				B97A4FE525C7CA1100685078 /* Release */,
			);
			defaultConfigurationIsVisible = 0;
			defaultConfigurationName = Release;
		};
		B97A4FE625C7CA1100685078 /* Build configuration list for PBXNativeTarget "preworkUITests" */ = {
			isa = XCConfigurationList;
			buildConfigurations = (
				B97A4FE725C7CA1100685078 /* Debug */,
				B97A4FE825C7CA1100685078 /* Release */,
			);
			defaultConfigurationIsVisible = 0;
			defaultConfigurationName = Release;
		};
/* End XCConfigurationList section */
	};
	rootObject = B97A4FAE25C7CA1100685078 /* Project object */;
}
